
Microsoft Visual Studio Solution File, Format Version 12.00
# Visual Studio Version 17
VisualStudioVersion = 17.0.31903.59
MinimumVisualStudioVersion = 10.0.40219.1
Project("{9A19103F-16F7-4668-BE54-9A1E7A4F7556}") = "Wesley.bff.Shared", "Shared\Wesley.bff.Shared.csproj", "{BC9C1C13-8FAC-42F6-92DE-9D0761868A01}"
EndProject
Project("{9A19103F-16F7-4668-BE54-9A1E7A4F7556}") = "Wesley.bff.Server", "Server\Wesley.bff.Server.csproj", "{15F3C715-0DBD-416F-B1BA-5A23CDF01475}"
EndProject
Project("{9A19103F-16F7-4668-BE54-9A1E7A4F7556}") = "Wesley.bff.Client", "Client\Wesley.bff.Client.csproj", "{8A8A2D68-4E1A-4AB1-B7A8-0BC76E051032}"
EndProject
Global
	GlobalSection(SolutionConfigurationPlatforms) = preSolution
		Debug|Any CPU = Debug|Any CPU
		Release|Any CPU = Release|Any CPU
	EndGlobalSection
	GlobalSection(ProjectConfigurationPlatforms) = postSolution
		{BC9C1C13-8FAC-42F6-92DE-9D0761868A01}.Debug|Any CPU.ActiveCfg = Debug|Any CPU
		{BC9C1C13-8FAC-42F6-92DE-9D0761868A01}.Debug|Any CPU.Build.0 = Debug|Any CPU
		{BC9C1C13-8FAC-42F6-92DE-9D0761868A01}.Release|Any CPU.ActiveCfg = Release|Any CPU
		{BC9C1C13-8FAC-42F6-92DE-9D0761868A01}.Release|Any CPU.Build.0 = Release|Any CPU
		{15F3C715-0DBD-416F-B1BA-5A23CDF01475}.Debug|Any CPU.ActiveCfg = Debug|Any CPU
		{15F3C715-0DBD-416F-B1BA-5A23CDF01475}.Debug|Any CPU.Build.0 = Debug|Any CPU
		{15F3C715-0DBD-416F-B1BA-5A23CDF01475}.Release|Any CPU.ActiveCfg = Release|Any CPU
		{15F3C715-0DBD-416F-B1BA-5A23CDF01475}.Release|Any CPU.Build.0 = Release|Any CPU
		{8A8A2D68-4E1A-4AB1-B7A8-0BC76E051032}.Debug|Any CPU.ActiveCfg = Debug|Any CPU
		{8A8A2D68-4E1A-4AB1-B7A8-0BC76E051032}.Debug|Any CPU.Build.0 = Debug|Any CPU
		{8A8A2D68-4E1A-4AB1-B7A8-0BC76E051032}.Release|Any CPU.ActiveCfg = Release|Any CPU
		{8A8A2D68-4E1A-4AB1-B7A8-0BC76E051032}.Release|Any CPU.Build.0 = Release|Any CPU
	EndGlobalSection
	GlobalSection(SolutionProperties) = preSolution
		HideSolutionNode = FALSE
	EndGlobalSection
	GlobalSection(ExtensibilityGlobals) = postSolution
		SolutionGuid = {6DBF8473-06FC-43AF-A14F-41F17AB93C7E}
	EndGlobalSection
EndGlobal
